
Microsoft Visual Studio Solution File, Format Version 12.00
# Visual Studio Version 17
VisualStudioVersion = 17.10.35027.167
MinimumVisualStudioVersion = 10.0.40219.1
Project("{FAE04EC0-301F-11D3-BF4B-00C04F79EFBC}") = "MoviesEtickets", "MoviesEtickets\MoviesEtickets.csproj", "{7331D96A-22C8-4DA3-8F33-3095FDCCBC7D}"
EndProject
Global
	GlobalSection(SolutionConfigurationPlatforms) = preSolution
		Debug|Any CPU = Debug|Any CPU
		Release|Any CPU = Release|Any CPU
	EndGlobalSection
	GlobalSection(ProjectConfigurationPlatforms) = postSolution
		{7331D96A-22C8-4DA3-8F33-3095FDCCBC7D}.Debug|Any CPU.ActiveCfg = Debug|Any CPU
		{7331D96A-22C8-4DA3-8F33-3095FDCCBC7D}.Debug|Any CPU.Build.0 = Debug|Any CPU
		{7331D96A-22C8-4DA3-8F33-3095FDCCBC7D}.Release|Any CPU.ActiveCfg = Release|Any CPU
		{7331D96A-22C8-4DA3-8F33-3095FDCCBC7D}.Release|Any CPU.Build.0 = Release|Any CPU
	EndGlobalSection
	GlobalSection(SolutionProperties) = preSolution
		HideSolutionNode = FALSE
	EndGlobalSection
	GlobalSection(ExtensibilityGlobals) = postSolution
		SolutionGuid = {45FE3E6D-E215-4E64-835F-FE77F5D171C6}
	EndGlobalSection
EndGlobal
